
Microsoft Visual Studio Solution File, Format Version 12.00
# Visual Studio Version 16
VisualStudioVersion = 16.0.32428.217
MinimumVisualStudioVersion = 10.0.40219.1
Project("{9A19103F-16F7-4668-BE54-9A1E7A4F7556}") = "Snake82", "Snake82.csproj", "{9CD17BB7-BB52-45BD-A61A-E032ACA05A6C}"
EndProject
Project("{54435603-DBB4-11D2-8724-00A0C9A8B90C}") = "SnakeSetup", "..\Installer\SnakeSetup\SnakeSetup.vdproj", "{46A26A6E-F90D-40D8-BBC2-60CE0D39EC92}"
EndProject
Global
	GlobalSection(SolutionConfigurationPlatforms) = preSolution
		Debug|Any CPU = Debug|Any CPU
		Release|Any CPU = Release|Any CPU
	EndGlobalSection
	GlobalSection(ProjectConfigurationPlatforms) = postSolution
		{9CD17BB7-BB52-45BD-A61A-E032ACA05A6C}.Debug|Any CPU.ActiveCfg = Debug|Any CPU
		{9CD17BB7-BB52-45BD-A61A-E032ACA05A6C}.Debug|Any CPU.Build.0 = Debug|Any CPU
		{9CD17BB7-BB52-45BD-A61A-E032ACA05A6C}.Release|Any CPU.ActiveCfg = Release|Any CPU
		{9CD17BB7-BB52-45BD-A61A-E032ACA05A6C}.Release|Any CPU.Build.0 = Release|Any CPU
		{46A26A6E-F90D-40D8-BBC2-60CE0D39EC92}.Debug|Any CPU.ActiveCfg = Debug
		{46A26A6E-F90D-40D8-BBC2-60CE0D39EC92}.Release|Any CPU.ActiveCfg = Release
	EndGlobalSection
	GlobalSection(SolutionProperties) = preSolution
		HideSolutionNode = FALSE
	EndGlobalSection
	GlobalSection(ExtensibilityGlobals) = postSolution
		SolutionGuid = {A01A442A-7321-4029-950A-09B095FCAD9C}
	EndGlobalSection
EndGlobal
